
Microsoft Visual Studio Solution File, Format Version 12.00
# Visual Studio 15
VisualStudioVersion = 15.0.28307.102
MinimumVisualStudioVersion = 10.0.40219.1
Project("{FAE04EC0-301F-11D3-BF4B-00C04F79EFBC}") = "QLCuoc", "QLCuoc\QLCuoc.csproj", "{C6E5C0A9-6009-4A61-BA8B-B3C9582948E8}"
EndProject
Project("{FAE04EC0-301F-11D3-BF4B-00C04F79EFBC}") = "WebForm", "WebForm\WebForm.csproj", "{0E2A6D69-8E32-47C4-B120-D6590CFE8D09}"
EndProject
Global
	GlobalSection(SolutionConfigurationPlatforms) = preSolution
		Debug|Any CPU = Debug|Any CPU
		Release|Any CPU = Release|Any CPU
	EndGlobalSection
	GlobalSection(ProjectConfigurationPlatforms) = postSolution
		{C6E5C0A9-6009-4A61-BA8B-B3C9582948E8}.Debug|Any CPU.ActiveCfg = Debug|Any CPU
		{C6E5C0A9-6009-4A61-BA8B-B3C9582948E8}.Debug|Any CPU.Build.0 = Debug|Any CPU
		{C6E5C0A9-6009-4A61-BA8B-B3C9582948E8}.Release|Any CPU.ActiveCfg = Release|Any CPU
		{C6E5C0A9-6009-4A61-BA8B-B3C9582948E8}.Release|Any CPU.Build.0 = Release|Any CPU
		{0E2A6D69-8E32-47C4-B120-D6590CFE8D09}.Debug|Any CPU.ActiveCfg = Debug|Any CPU
		{0E2A6D69-8E32-47C4-B120-D6590CFE8D09}.Debug|Any CPU.Build.0 = Debug|Any CPU
		{0E2A6D69-8E32-47C4-B120-D6590CFE8D09}.Release|Any CPU.ActiveCfg = Release|Any CPU
		{0E2A6D69-8E32-47C4-B120-D6590CFE8D09}.Release|Any CPU.Build.0 = Release|Any CPU
	EndGlobalSection
	GlobalSection(SolutionProperties) = preSolution
		HideSolutionNode = FALSE
	EndGlobalSection
	GlobalSection(ExtensibilityGlobals) = postSolution
		SolutionGuid = {A65C236C-C470-48FB-8EE2-6337FC6C636F}
	EndGlobalSection
EndGlobal
